// !$*UTF8*$!
{
	archiveVersion = 1;
	classes = {
	};
	objectVersion = 55;
	objects = {

/* Begin PBXBuildFile section */
		4F0BE37A28C2E3E5006B29C9 /* MovieTableViewCell.swift in Sources */ = {isa = PBXBuildFile; fileRef = 4F0BE37928C2E3E5006B29C9 /* MovieTableViewCell.swift */; };
		4F0BE37D28C2E6A9006B29C9 /* Movie+Various.swift in Sources */ = {isa = PBXBuildFile; fileRef = 4F0BE37C28C2E6A9006B29C9 /* Movie+Various.swift */; };
		4F1D636D28CAAA0400F2D804 /* MovieFormViewController.swift in Sources */ = {isa = PBXBuildFile; fileRef = 4F1D636C28CAAA0400F2D804 /* MovieFormViewController.swift */; };
		4F1D636F28CAAA3A00F2D804 /* CategoriesTableViewController.swift in Sources */ = {isa = PBXBuildFile; fileRef = 4F1D636E28CAAA3A00F2D804 /* CategoriesTableViewController.swift */; };
		4F1D637228CAAD4600F2D804 /* MoviesLib.xcdatamodeld in Sources */ = {isa = PBXBuildFile; fileRef = 4F1D637028CAAD4600F2D804 /* MoviesLib.xcdatamodeld */; };
		4F1D637428CABA3300F2D804 /* ViewController+Context.swift in Sources */ = {isa = PBXBuildFile; fileRef = 4F1D637328CABA3300F2D804 /* ViewController+Context.swift */; };
		4F45812828C2B8CD004D4E1D /* movies.json in Resources */ = {isa = PBXBuildFile; fileRef = 4F45812728C2B8CD004D4E1D /* movies.json */; };
		4F66EAE428BEC406004B8872 /* AppDelegate.swift in Sources */ = {isa = PBXBuildFile; fileRef = 4F66EAE328BEC406004B8872 /* AppDelegate.swift */; };
		4F66EAE628BEC406004B8872 /* SceneDelegate.swift in Sources */ = {isa = PBXBuildFile; fileRef = 4F66EAE528BEC406004B8872 /* SceneDelegate.swift */; };
		4F66EAE828BEC406004B8872 /* MovieViewController.swift in Sources */ = {isa = PBXBuildFile; fileRef = 4F66EAE728BEC406004B8872 /* MovieViewController.swift */; };
		4F66EAEB28BEC406004B8872 /* Main.storyboard in Resources */ = {isa = PBXBuildFile; fileRef = 4F66EAE928BEC406004B8872 /* Main.storyboard */; };
		4F66EAED28BEC408004B8872 /* Assets.xcassets in Resources */ = {isa = PBXBuildFile; fileRef = 4F66EAEC28BEC408004B8872 /* Assets.xcassets */; };
		4F66EAF028BEC408004B8872 /* LaunchScreen.storyboard in Resources */ = {isa = PBXBuildFile; fileRef = 4F66EAEE28BEC408004B8872 /* LaunchScreen.storyboard */; };
		4FC7BC8E28D1482F009D2DDC /* MapViewController.swift in Sources */ = {isa = PBXBuildFile; fileRef = 4FC7BC8D28D1482F009D2DDC /* MapViewController.swift */; };
		4FC7BC9128D16051009D2DDC /* ItunesResult.swift in Sources */ = {isa = PBXBuildFile; fileRef = 4FC7BC9028D16051009D2DDC /* ItunesResult.swift */; };
		4FC7BC9528D16762009D2DDC /* ConfigurationsViewController.swift in Sources */ = {isa = PBXBuildFile; fileRef = 4FC7BC9428D16762009D2DDC /* ConfigurationsViewController.swift */; };
		4FC7BC9728D16B9F009D2DDC /* Settings.bundle in Resources */ = {isa = PBXBuildFile; fileRef = 4FC7BC9628D16B9F009D2DDC /* Settings.bundle */; };
		4FD7DC9528C2C74F00F6D507 /* MoviesTableViewController.swift in Sources */ = {isa = PBXBuildFile; fileRef = 4FD7DC9428C2C74F00F6D507 /* MoviesTableViewController.swift */; };
/* End PBXBuildFile section */

/* Begin PBXFileReference section */
		4F0BE37928C2E3E5006B29C9 /* MovieTableViewCell.swift */ = {isa = PBXFileReference; lastKnownFileType = sourcecode.swift; path = MovieTableViewCell.swift; sourceTree = "<group>"; };
		4F0BE37C28C2E6A9006B29C9 /* Movie+Various.swift */ = {isa = PBXFileReference; lastKnownFileType = sourcecode.swift; path = "Movie+Various.swift"; sourceTree = "<group>"; };
		4F1D636C28CAAA0400F2D804 /* MovieFormViewController.swift */ = {isa = PBXFileReference; lastKnownFileType = sourcecode.swift; path = MovieFormViewController.swift; sourceTree = "<group>"; };
		4F1D636E28CAAA3A00F2D804 /* CategoriesTableViewController.swift */ = {isa = PBXFileReference; lastKnownFileType = sourcecode.swift; path = CategoriesTableViewController.swift; sourceTree = "<group>"; };
		4F1D637128CAAD4600F2D804 /* MoviesLib.xcdatamodel */ = {isa = PBXFileReference; lastKnownFileType = wrapper.xcdatamodel; path = MoviesLib.xcdatamodel; sourceTree = "<group>"; };
		4F1D637328CABA3300F2D804 /* ViewController+Context.swift */ = {isa = PBXFileReference; lastKnownFileType = sourcecode.swift; path = "ViewController+Context.swift"; sourceTree = "<group>"; };
		4F45812728C2B8CD004D4E1D /* movies.json */ = {isa = PBXFileReference; fileEncoding = 4; lastKnownFileType = text.json; path = movies.json; sourceTree = "<group>"; };
		4F66EAE028BEC406004B8872 /* MoviesLib.app */ = {isa = PBXFileReference; explicitFileType = wrapper.application; includeInIndex = 0; path = MoviesLib.app; sourceTree = BUILT_PRODUCTS_DIR; };
		4F66EAE328BEC406004B8872 /* AppDelegate.swift */ = {isa = PBXFileReference; lastKnownFileType = sourcecode.swift; path = AppDelegate.swift; sourceTree = "<group>"; };
		4F66EAE528BEC406004B8872 /* SceneDelegate.swift */ = {isa = PBXFileReference; lastKnownFileType = sourcecode.swift; path = SceneDelegate.swift; sourceTree = "<group>"; };
		4F66EAE728BEC406004B8872 /* MovieViewController.swift */ = {isa = PBXFileReference; lastKnownFileType = sourcecode.swift; path = MovieViewController.swift; sourceTree = "<group>"; };
		4F66EAEA28BEC406004B8872 /* Base */ = {isa = PBXFileReference; lastKnownFileType = file.storyboard; name = Base; path = Base.lproj/Main.storyboard; sourceTree = "<group>"; };
		4F66EAEC28BEC408004B8872 /* Assets.xcassets */ = {isa = PBXFileReference; lastKnownFileType = folder.assetcatalog; path = Assets.xcassets; sourceTree = "<group>"; };
		4F66EAEF28BEC408004B8872 /* Base */ = {isa = PBXFileReference; lastKnownFileType = file.storyboard; name = Base; path = Base.lproj/LaunchScreen.storyboard; sourceTree = "<group>"; };
		4F66EAF128BEC408004B8872 /* Info.plist */ = {isa = PBXFileReference; lastKnownFileType = text.plist.xml; path = Info.plist; sourceTree = "<group>"; };
		4FC7BC8D28D1482F009D2DDC /* MapViewController.swift */ = {isa = PBXFileReference; lastKnownFileType = sourcecode.swift; path = MapViewController.swift; sourceTree = "<group>"; };
		4FC7BC9028D16051009D2DDC /* ItunesResult.swift */ = {isa = PBXFileReference; lastKnownFileType = sourcecode.swift; path = ItunesResult.swift; sourceTree = "<group>"; };
		4FC7BC9428D16762009D2DDC /* ConfigurationsViewController.swift */ = {isa = PBXFileReference; lastKnownFileType = sourcecode.swift; path = ConfigurationsViewController.swift; sourceTree = "<group>"; };
		4FC7BC9628D16B9F009D2DDC /* Settings.bundle */ = {isa = PBXFileReference; lastKnownFileType = "wrapper.plug-in"; path = Settings.bundle; sourceTree = "<group>"; };
		4FD7DC9428C2C74F00F6D507 /* MoviesTableViewController.swift */ = {isa = PBXFileReference; lastKnownFileType = sourcecode.swift; path = MoviesTableViewController.swift; sourceTree = "<group>"; };
/* End PBXFileReference section */

/* Begin PBXFrameworksBuildPhase section */
		4F66EADD28BEC406004B8872 /* Frameworks */ = {
			isa = PBXFrameworksBuildPhase;
			buildActionMask = 2147483647;
			files = (
			);
			runOnlyForDeploymentPostprocessing = 0;
		};
/* End PBXFrameworksBuildPhase section */

/* Begin PBXGroup section */
		4F0BE37828C2E3B6006B29C9 /* View */ = {
			isa = PBXGroup;
			children = (
				4F0BE37928C2E3E5006B29C9 /* MovieTableViewCell.swift */,
			);
			path = View;
			sourceTree = "<group>";
		};
		4F0BE37B28C2E661006B29C9 /* Extensions */ = {
			isa = PBXGroup;
			children = (
				4F0BE37C28C2E6A9006B29C9 /* Movie+Various.swift */,
				4F1D637328CABA3300F2D804 /* ViewController+Context.swift */,
			);
			path = Extensions;
			sourceTree = "<group>";
		};
		4F1D636828CAA8ED00F2D804 /* MovieForm */ = {
			isa = PBXGroup;
			children = (
				4F1D636928CAA90400F2D804 /* Controller */,
			);
			path = MovieForm;
			sourceTree = "<group>";
		};
		4F1D636928CAA90400F2D804 /* Controller */ = {
			isa = PBXGroup;
			children = (
				4F1D636C28CAAA0400F2D804 /* MovieFormViewController.swift */,
			);
			path = Controller;
			sourceTree = "<group>";
		};
		4F1D636A28CAA91400F2D804 /* Categories */ = {
			isa = PBXGroup;
			children = (
				4F1D636B28CAA92B00F2D804 /* Controller */,
			);
			path = Categories;
			sourceTree = "<group>";
		};
		4F1D636B28CAA92B00F2D804 /* Controller */ = {
			isa = PBXGroup;
			children = (
				4F1D636E28CAAA3A00F2D804 /* CategoriesTableViewController.swift */,
			);
			path = Controller;
			sourceTree = "<group>";
		};
		4F45812928C2B958004D4E1D /* Files */ = {
			isa = PBXGroup;
			children = (
				4F45812728C2B8CD004D4E1D /* movies.json */,
				4F1D637028CAAD4600F2D804 /* MoviesLib.xcdatamodeld */,
				4FC7BC9628D16B9F009D2DDC /* Settings.bundle */,
			);
			path = Files;
			sourceTree = "<group>";
		};
		4F45812A28C2B98A004D4E1D /* MovieVisualization */ = {
			isa = PBXGroup;
			children = (
				4FC7BC8F28D16042009D2DDC /* Model */,
				4F45812B28C2B9AA004D4E1D /* Controller */,
			);
			path = MovieVisualization;
			sourceTree = "<group>";
		};
		4F45812B28C2B9AA004D4E1D /* Controller */ = {
			isa = PBXGroup;
			children = (
				4F66EAE728BEC406004B8872 /* MovieViewController.swift */,
			);
			path = Controller;
			sourceTree = "<group>";
		};
		4F45812C28C2BA96004D4E1D /* Shared */ = {
			isa = PBXGroup;
			children = (
				4F0BE37B28C2E661006B29C9 /* Extensions */,
				4F45812D28C2BAB2004D4E1D /* Model */,
			);
			path = Shared;
			sourceTree = "<group>";
		};
		4F45812D28C2BAB2004D4E1D /* Model */ = {
			isa = PBXGroup;
			children = (
			);
			path = Model;
			sourceTree = "<group>";
		};
		4F66EAD728BEC406004B8872 = {
			isa = PBXGroup;
			children = (
				4F66EAE228BEC406004B8872 /* MoviesLib */,
				4F66EAE128BEC406004B8872 /* Products */,
			);
			sourceTree = "<group>";
		};
		4F66EAE128BEC406004B8872 /* Products */ = {
			isa = PBXGroup;
			children = (
				4F66EAE028BEC406004B8872 /* MoviesLib.app */,
			);
			name = Products;
			sourceTree = "<group>";
		};
		4F66EAE228BEC406004B8872 /* MoviesLib */ = {
			isa = PBXGroup;
			children = (
				4F66EAE328BEC406004B8872 /* AppDelegate.swift */,
				4F66EAE528BEC406004B8872 /* SceneDelegate.swift */,
				4FC7BC8B28D14806009D2DDC /* Map */,
				4FC7BC9228D16744009D2DDC /* Configurations */,
				4F45812A28C2B98A004D4E1D /* MovieVisualization */,
				4FD7DC9028C2C65900F6D507 /* MovieListing */,
				4F1D636828CAA8ED00F2D804 /* MovieForm */,
				4F1D636A28CAA91400F2D804 /* Categories */,
				4F45812928C2B958004D4E1D /* Files */,
				4F45812C28C2BA96004D4E1D /* Shared */,
				4F66EAE928BEC406004B8872 /* Main.storyboard */,
				4F66EAEE28BEC408004B8872 /* LaunchScreen.storyboard */,
				4F66EAEC28BEC408004B8872 /* Assets.xcassets */,
				4F66EAF128BEC408004B8872 /* Info.plist */,
			);
			path = MoviesLib;
			sourceTree = "<group>";
		};
		4FC7BC8B28D14806009D2DDC /* Map */ = {
			isa = PBXGroup;
			children = (
				4FC7BC8C28D14814009D2DDC /* Controller */,
			);
			path = Map;
			sourceTree = "<group>";
		};
		4FC7BC8C28D14814009D2DDC /* Controller */ = {
			isa = PBXGroup;
			children = (
				4FC7BC8D28D1482F009D2DDC /* MapViewController.swift */,
			);
			path = Controller;
			sourceTree = "<group>";
		};
		4FC7BC8F28D16042009D2DDC /* Model */ = {
			isa = PBXGroup;
			children = (
				4FC7BC9028D16051009D2DDC /* ItunesResult.swift */,
			);
			path = Model;
			sourceTree = "<group>";
		};
		4FC7BC9228D16744009D2DDC /* Configurations */ = {
			isa = PBXGroup;
			children = (
				4FC7BC9328D1674D009D2DDC /* Controller */,
			);
			path = Configurations;
			sourceTree = "<group>";
		};
		4FC7BC9328D1674D009D2DDC /* Controller */ = {
			isa = PBXGroup;
			children = (
				4FC7BC9428D16762009D2DDC /* ConfigurationsViewController.swift */,
			);
			path = Controller;
			sourceTree = "<group>";
		};
		4FD7DC9028C2C65900F6D507 /* MovieListing */ = {
			isa = PBXGroup;
			children = (
				4F0BE37828C2E3B6006B29C9 /* View */,
				4FD7DC9128C2C67400F6D507 /* Controller */,
			);
			path = MovieListing;
			sourceTree = "<group>";
		};
		4FD7DC9128C2C67400F6D507 /* Controller */ = {
			isa = PBXGroup;
			children = (
				4FD7DC9428C2C74F00F6D507 /* MoviesTableViewController.swift */,
			);
			path = Controller;
			sourceTree = "<group>";
		};
/* End PBXGroup section */

/* Begin PBXNativeTarget section */
		4F66EADF28BEC406004B8872 /* MoviesLib */ = {
			isa = PBXNativeTarget;
			buildConfigurationList = 4F66EAF428BEC408004B8872 /* Build configuration list for PBXNativeTarget "MoviesLib" */;
			buildPhases = (
				4F66EADC28BEC406004B8872 /* Sources */,
				4F66EADD28BEC406004B8872 /* Frameworks */,
				4F66EADE28BEC406004B8872 /* Resources */,
			);
			buildRules = (
			);
			dependencies = (
			);
			name = MoviesLib;
			productName = MoviesLib;
			productReference = 4F66EAE028BEC406004B8872 /* MoviesLib.app */;
			productType = "com.apple.product-type.application";
		};
/* End PBXNativeTarget section */

/* Begin PBXProject section */
		4F66EAD828BEC406004B8872 /* Project object */ = {
			isa = PBXProject;
			attributes = {
				BuildIndependentTargetsInParallel = 1;
				LastSwiftUpdateCheck = 1340;
				LastUpgradeCheck = 1340;
				TargetAttributes = {
					4F66EADF28BEC406004B8872 = {
						CreatedOnToolsVersion = 13.4.1;
					};
				};
			};
			buildConfigurationList = 4F66EADB28BEC406004B8872 /* Build configuration list for PBXProject "MoviesLib" */;
			compatibilityVersion = "Xcode 13.0";
			developmentRegion = en;
			hasScannedForEncodings = 0;
			knownRegions = (
				en,
				Base,
			);
			mainGroup = 4F66EAD728BEC406004B8872;
			productRefGroup = 4F66EAE128BEC406004B8872 /* Products */;
			projectDirPath = "";
			projectRoot = "";
			targets = (
				4F66EADF28BEC406004B8872 /* MoviesLib */,
			);
		};
/* End PBXProject section */

/* Begin PBXResourcesBuildPhase section */
		4F66EADE28BEC406004B8872 /* Resources */ = {
			isa = PBXResourcesBuildPhase;
			buildActionMask = 2147483647;
			files = (
				4F66EAF028BEC408004B8872 /* LaunchScreen.storyboard in Resources */,
				4F66EAED28BEC408004B8872 /* Assets.xcassets in Resources */,
				4FC7BC9728D16B9F009D2DDC /* Settings.bundle in Resources */,
				4F45812828C2B8CD004D4E1D /* movies.json in Resources */,
				4F66EAEB28BEC406004B8872 /* Main.storyboard in Resources */,
			);
			runOnlyForDeploymentPostprocessing = 0;
		};
/* End PBXResourcesBuildPhase section */

/* Begin PBXSourcesBuildPhase section */
		4F66EADC28BEC406004B8872 /* Sources */ = {
			isa = PBXSourcesBuildPhase;
			buildActionMask = 2147483647;
			files = (
				4FC7BC8E28D1482F009D2DDC /* MapViewController.swift in Sources */,
				4F66EAE828BEC406004B8872 /* MovieViewController.swift in Sources */,
				4FC7BC9528D16762009D2DDC /* ConfigurationsViewController.swift in Sources */,
				4F66EAE428BEC406004B8872 /* AppDelegate.swift in Sources */,
				4F0BE37A28C2E3E5006B29C9 /* MovieTableViewCell.swift in Sources */,
				4F1D636D28CAAA0400F2D804 /* MovieFormViewController.swift in Sources */,
				4F0BE37D28C2E6A9006B29C9 /* Movie+Various.swift in Sources */,
				4F1D636F28CAAA3A00F2D804 /* CategoriesTableViewController.swift in Sources */,
				4F1D637428CABA3300F2D804 /* ViewController+Context.swift in Sources */,
				4FC7BC9128D16051009D2DDC /* ItunesResult.swift in Sources */,
				4FD7DC9528C2C74F00F6D507 /* MoviesTableViewController.swift in Sources */,
				4F1D637228CAAD4600F2D804 /* MoviesLib.xcdatamodeld in Sources */,
				4F66EAE628BEC406004B8872 /* SceneDelegate.swift in Sources */,
			);
			runOnlyForDeploymentPostprocessing = 0;
		};
/* End PBXSourcesBuildPhase section */

/* Begin PBXVariantGroup section */
		4F66EAE928BEC406004B8872 /* Main.storyboard */ = {
			isa = PBXVariantGroup;
			children = (
				4F66EAEA28BEC406004B8872 /* Base */,
			);
			name = Main.storyboard;
			sourceTree = "<group>";
		};
		4F66EAEE28BEC408004B8872 /* LaunchScreen.storyboard */ = {
			isa = PBXVariantGroup;
			children = (
				4F66EAEF28BEC408004B8872 /* Base */,
			);
			name = LaunchScreen.storyboard;
			sourceTree = "<group>";
		};
/* End PBXVariantGroup section */

/* Begin XCBuildConfiguration section */
		4F66EAF228BEC408004B8872 /* Debug */ = {
			isa = XCBuildConfiguration;
			buildSettings = {
				ALWAYS_SEARCH_USER_PATHS = NO;
				CLANG_ANALYZER_NONNULL = YES;
				CLANG_ANALYZER_NUMBER_OBJECT_CONVERSION = YES_AGGRESSIVE;
				CLANG_CXX_LANGUAGE_STANDARD = "gnu++17";
				CLANG_ENABLE_MODULES = YES;
				CLANG_ENABLE_OBJC_ARC = YES;
				CLANG_ENABLE_OBJC_WEAK = YES;
				CLANG_WARN_BLOCK_CAPTURE_AUTORELEASING = YES;
				CLANG_WARN_BOOL_CONVERSION = YES;
				CLANG_WARN_COMMA = YES;
				CLANG_WARN_CONSTANT_CONVERSION = YES;
				CLANG_WARN_DEPRECATED_OBJC_IMPLEMENTATIONS = YES;
				CLANG_WARN_DIRECT_OBJC_ISA_USAGE = YES_ERROR;
				CLANG_WARN_DOCUMENTATION_COMMENTS = YES;
				CLANG_WARN_EMPTY_BODY = YES;
				CLANG_WARN_ENUM_CONVERSION = YES;
				CLANG_WARN_INFINITE_RECURSION = YES;
				CLANG_WARN_INT_CONVERSION = YES;
				CLANG_WARN_NON_LITERAL_NULL_CONVERSION = YES;
				CLANG_WARN_OBJC_IMPLICIT_RETAIN_SELF = YES;
				CLANG_WARN_OBJC_LITERAL_CONVERSION = YES;
				CLANG_WARN_OBJC_ROOT_CLASS = YES_ERROR;
				CLANG_WARN_QUOTED_INCLUDE_IN_FRAMEWORK_HEADER = YES;
				CLANG_WARN_RANGE_LOOP_ANALYSIS = YES;
				CLANG_WARN_STRICT_PROTOTYPES = YES;
				CLANG_WARN_SUSPICIOUS_MOVE = YES;
				CLANG_WARN_UNGUARDED_AVAILABILITY = YES_AGGRESSIVE;
				CLANG_WARN_UNREACHABLE_CODE = YES;
				CLANG_WARN__DUPLICATE_METHOD_MATCH = YES;
				COPY_PHASE_STRIP = NO;
				DEBUG_INFORMATION_FORMAT = dwarf;
				ENABLE_STRICT_OBJC_MSGSEND = YES;
				ENABLE_TESTABILITY = YES;
				GCC_C_LANGUAGE_STANDARD = gnu11;
				GCC_DYNAMIC_NO_PIC = NO;
				GCC_NO_COMMON_BLOCKS = YES;
				GCC_OPTIMIZATION_LEVEL = 0;
				GCC_PREPROCESSOR_DEFINITIONS = (
					"DEBUG=1",
					"$(inherited)",
				);
				GCC_WARN_64_TO_32_BIT_CONVERSION = YES;
				GCC_WARN_ABOUT_RETURN_TYPE = YES_ERROR;
				GCC_WARN_UNDECLARED_SELECTOR = YES;
				GCC_WARN_UNINITIALIZED_AUTOS = YES_AGGRESSIVE;
				GCC_WARN_UNUSED_FUNCTION = YES;
				GCC_WARN_UNUSED_VARIABLE = YES;
				IPHONEOS_DEPLOYMENT_TARGET = 15.5;
				MTL_ENABLE_DEBUG_INFO = INCLUDE_SOURCE;
				MTL_FAST_MATH = YES;
				ONLY_ACTIVE_ARCH = YES;
				SDKROOT = iphoneos;
				SWIFT_ACTIVE_COMPILATION_CONDITIONS = DEBUG;
				SWIFT_OPTIMIZATION_LEVEL = "-Onone";
			};
			name = Debug;
		};
		4F66EAF328BEC408004B8872 /* Release */ = {
			isa = XCBuildConfiguration;
			buildSettings = {
				ALWAYS_SEARCH_USER_PATHS = NO;
				CLANG_ANALYZER_NONNULL = YES;
				CLANG_ANALYZER_NUMBER_OBJECT_CONVERSION = YES_AGGRESSIVE;
				CLANG_CXX_LANGUAGE_STANDARD = "gnu++17";
				CLANG_ENABLE_MODULES = YES;
				CLANG_ENABLE_OBJC_ARC = YES;
				CLANG_ENABLE_OBJC_WEAK = YES;
				CLANG_WARN_BLOCK_CAPTURE_AUTORELEASING = YES;
				CLANG_WARN_BOOL_CONVERSION = YES;
				CLANG_WARN_COMMA = YES;
				CLANG_WARN_CONSTANT_CONVERSION = YES;
				CLANG_WARN_DEPRECATED_OBJC_IMPLEMENTATIONS = YES;
				CLANG_WARN_DIRECT_OBJC_ISA_USAGE = YES_ERROR;
				CLANG_WARN_DOCUMENTATION_COMMENTS = YES;
				CLANG_WARN_EMPTY_BODY = YES;
				CLANG_WARN_ENUM_CONVERSION = YES;
				CLANG_WARN_INFINITE_RECURSION = YES;
				CLANG_WARN_INT_CONVERSION = YES;
				CLANG_WARN_NON_LITERAL_NULL_CONVERSION = YES;
				CLANG_WARN_OBJC_IMPLICIT_RETAIN_SELF = YES;
				CLANG_WARN_OBJC_LITERAL_CONVERSION = YES;
				CLANG_WARN_OBJC_ROOT_CLASS = YES_ERROR;
				CLANG_WARN_QUOTED_INCLUDE_IN_FRAMEWORK_HEADER = YES;
				CLANG_WARN_RANGE_LOOP_ANALYSIS = YES;
				CLANG_WARN_STRICT_PROTOTYPES = YES;
				CLANG_WARN_SUSPICIOUS_MOVE = YES;
				CLANG_WARN_UNGUARDED_AVAILABILITY = YES_AGGRESSIVE;
				CLANG_WARN_UNREACHABLE_CODE = YES;
				CLANG_WARN__DUPLICATE_METHOD_MATCH = YES;
				COPY_PHASE_STRIP = NO;
				DEBUG_INFORMATION_FORMAT = "dwarf-with-dsym";
				ENABLE_NS_ASSERTIONS = NO;
				ENABLE_STRICT_OBJC_MSGSEND = YES;
				GCC_C_LANGUAGE_STANDARD = gnu11;
				GCC_NO_COMMON_BLOCKS = YES;
				GCC_WARN_64_TO_32_BIT_CONVERSION = YES;
				GCC_WARN_ABOUT_RETURN_TYPE = YES_ERROR;
				GCC_WARN_UNDECLARED_SELECTOR = YES;
				GCC_WARN_UNINITIALIZED_AUTOS = YES_AGGRESSIVE;
				GCC_WARN_UNUSED_FUNCTION = YES;
				GCC_WARN_UNUSED_VARIABLE = YES;
				IPHONEOS_DEPLOYMENT_TARGET = 15.5;
				MTL_ENABLE_DEBUG_INFO = NO;
				MTL_FAST_MATH = YES;
				SDKROOT = iphoneos;
				SWIFT_COMPILATION_MODE = wholemodule;
				SWIFT_OPTIMIZATION_LEVEL = "-O";
				VALIDATE_PRODUCT = YES;
			};
			name = Release;
		};
		4F66EAF528BEC408004B8872 /* Debug */ = {
			isa = XCBuildConfiguration;
			buildSettings = {
				ASSETCATALOG_COMPILER_APPICON_NAME = AppIcon;
				ASSETCATALOG_COMPILER_GLOBAL_ACCENT_COLOR_NAME = AccentColor;
				CODE_SIGN_STYLE = Automatic;
				CURRENT_PROJECT_VERSION = 1;
				GENERATE_INFOPLIST_FILE = YES;
				INFOPLIST_FILE = MoviesLib/Info.plist;
				INFOPLIST_KEY_UIApplicationSupportsIndirectInputEvents = YES;
				INFOPLIST_KEY_UILaunchStoryboardName = LaunchScreen;
				INFOPLIST_KEY_UIMainStoryboardFile = Main;
				INFOPLIST_KEY_UISupportedInterfaceOrientations_iPad = "UIInterfaceOrientationPortrait UIInterfaceOrientationPortraitUpsideDown UIInterfaceOrientationLandscapeLeft UIInterfaceOrientationLandscapeRight";
				INFOPLIST_KEY_UISupportedInterfaceOrientations_iPhone = "UIInterfaceOrientationPortrait UIInterfaceOrientationLandscapeLeft UIInterfaceOrientationLandscapeRight";
				LD_RUNPATH_SEARCH_PATHS = (
					"$(inherited)",
					"@executable_path/Frameworks",
				);
				MARKETING_VERSION = 1.0;
				PRODUCT_BUNDLE_IDENTIFIER = br.prodev.com.MoviesLib;
				PRODUCT_NAME = "$(TARGET_NAME)";
				SWIFT_EMIT_LOC_STRINGS = YES;
				SWIFT_VERSION = 5.0;
				TARGETED_DEVICE_FAMILY = "1,2";
			};
			name = Debug;
		};
		4F66EAF628BEC408004B8872 /* Release */ = {
			isa = XCBuildConfiguration;
			buildSettings = {
				ASSETCATALOG_COMPILER_APPICON_NAME = AppIcon;
				ASSETCATALOG_COMPILER_GLOBAL_ACCENT_COLOR_NAME = AccentColor;
				CODE_SIGN_STYLE = Automatic;
				CURRENT_PROJECT_VERSION = 1;
				GENERATE_INFOPLIST_FILE = YES;
				INFOPLIST_FILE = MoviesLib/Info.plist;
				INFOPLIST_KEY_UIApplicationSupportsIndirectInputEvents = YES;
				INFOPLIST_KEY_UILaunchStoryboardName = LaunchScreen;
				INFOPLIST_KEY_UIMainStoryboardFile = Main;
				INFOPLIST_KEY_UISupportedInterfaceOrientations_iPad = "UIInterfaceOrientationPortrait UIInterfaceOrientationPortraitUpsideDown UIInterfaceOrientationLandscapeLeft UIInterfaceOrientationLandscapeRight";
				INFOPLIST_KEY_UISupportedInterfaceOrientations_iPhone = "UIInterfaceOrientationPortrait UIInterfaceOrientationLandscapeLeft UIInterfaceOrientationLandscapeRight";
				LD_RUNPATH_SEARCH_PATHS = (
					"$(inherited)",
					"@executable_path/Frameworks",
				);
				MARKETING_VERSION = 1.0;
				PRODUCT_BUNDLE_IDENTIFIER = br.prodev.com.MoviesLib;
				PRODUCT_NAME = "$(TARGET_NAME)";
				SWIFT_EMIT_LOC_STRINGS = YES;
				SWIFT_VERSION = 5.0;
				TARGETED_DEVICE_FAMILY = "1,2";
			};
			name = Release;
		};
/* End XCBuildConfiguration section */

/* Begin XCConfigurationList section */
		4F66EADB28BEC406004B8872 /* Build configuration list for PBXProject "MoviesLib" */ = {
			isa = XCConfigurationList;
			buildConfigurations = (
				4F66EAF228BEC408004B8872 /* Debug */,
				4F66EAF328BEC408004B8872 /* Release */,
			);
			defaultConfigurationIsVisible = 0;
			defaultConfigurationName = Release;
		};
		4F66EAF428BEC408004B8872 /* Build configuration list for PBXNativeTarget "MoviesLib" */ = {
			isa = XCConfigurationList;
			buildConfigurations = (
				4F66EAF528BEC408004B8872 /* Debug */,
				4F66EAF628BEC408004B8872 /* Release */,
			);
			defaultConfigurationIsVisible = 0;
			defaultConfigurationName = Release;
		};
/* End XCConfigurationList section */

/* Begin XCVersionGroup section */
		4F1D637028CAAD4600F2D804 /* MoviesLib.xcdatamodeld */ = {
			isa = XCVersionGroup;
			children = (
				4F1D637128CAAD4600F2D804 /* MoviesLib.xcdatamodel */,
			);
			currentVersion = 4F1D637128CAAD4600F2D804 /* MoviesLib.xcdatamodel */;
			path = MoviesLib.xcdatamodeld;
			sourceTree = "<group>";
			versionGroupType = wrapper.xcdatamodel;
		};
/* End XCVersionGroup section */
	};
	rootObject = 4F66EAD828BEC406004B8872 /* Project object */;
}
